
Microsoft Visual Studio Solution File, Format Version 12.00
# Visual Studio Version 17
VisualStudioVersion = 17.4.33213.308
MinimumVisualStudioVersion = 10.0.40219.1
Project("{FAE04EC0-301F-11D3-BF4B-00C04F79EFBC}") = "learn_1", "learn_1\learn_1.csproj", "{40074672-1A4F-47E5-987F-C9FAFADCF911}"
EndProject
Global
	GlobalSection(SolutionConfigurationPlatforms) = preSolution
		Debug|Any CPU = Debug|Any CPU
		Release|Any CPU = Release|Any CPU
	EndGlobalSection
	GlobalSection(ProjectConfigurationPlatforms) = postSolution
		{40074672-1A4F-47E5-987F-C9FAFADCF911}.Debug|Any CPU.ActiveCfg = Debug|Any CPU
		{40074672-1A4F-47E5-987F-C9FAFADCF911}.Debug|Any CPU.Build.0 = Debug|Any CPU
		{40074672-1A4F-47E5-987F-C9FAFADCF911}.Release|Any CPU.ActiveCfg = Release|Any CPU
		{40074672-1A4F-47E5-987F-C9FAFADCF911}.Release|Any CPU.Build.0 = Release|Any CPU
	EndGlobalSection
	GlobalSection(SolutionProperties) = preSolution
		HideSolutionNode = FALSE
	EndGlobalSection
	GlobalSection(ExtensibilityGlobals) = postSolution
		SolutionGuid = {B50D32C0-2C68-49CB-A1AA-AF24EFDF6DEA}
	EndGlobalSection
EndGlobal
